
Microsoft Visual Studio Solution File, Format Version 12.00
# Visual Studio Version 17
VisualStudioVersion = 17.1.32407.343
MinimumVisualStudioVersion = 10.0.40219.1
Project("{741F9662-5A76-4CFC-8D53-CAE838B4DEBC}") = "HappyPawnsDontBreak", "Source\HappyPawnsDontBreak.csproj", "{78C0CD7B-2BC5-477F-B346-58C0BEF73AC9}"
EndProject
Global
	GlobalSection(SolutionConfigurationPlatforms) = preSolution
		Debug|Any CPU = Debug|Any CPU
		Release|Any CPU = Release|Any CPU
	EndGlobalSection
	GlobalSection(ProjectConfigurationPlatforms) = postSolution
		{78C0CD7B-2BC5-477F-B346-58C0BEF73AC9}.Debug|Any CPU.ActiveCfg = Debug|Any CPU
		{78C0CD7B-2BC5-477F-B346-58C0BEF73AC9}.Debug|Any CPU.Build.0 = Debug|Any CPU
		{78C0CD7B-2BC5-477F-B346-58C0BEF73AC9}.Release|Any CPU.ActiveCfg = Release|Any CPU
		{78C0CD7B-2BC5-477F-B346-58C0BEF73AC9}.Release|Any CPU.Build.0 = Release|Any CPU
	EndGlobalSection
	GlobalSection(SolutionProperties) = preSolution
		HideSolutionNode = FALSE
	EndGlobalSection
	GlobalSection(ExtensibilityGlobals) = postSolution
		SolutionGuid = {ADFC2844-23CD-44A7-B2B8-71ECF54B707D}
	EndGlobalSection
EndGlobal
